
Microsoft Visual Studio Solution File, Format Version 12.00
# Visual Studio Version 17
VisualStudioVersion = 17.0.31903.59
MinimumVisualStudioVersion = 10.0.40219.1
Project("{FAE04EC0-301F-11D3-BF4B-00C04F79EFBC}") = "TotallyMoney.Api", "TotallyMoney.Api\TotallyMoney.Api.csproj", "{F4F672D7-FEEF-4B4F-ABDA-EC3CA907CC1D}"
EndProject
Project("{FAE04EC0-301F-11D3-BF4B-00C04F79EFBC}") = "TotallyMoney.Api.Tests", "TotallyMoney.Api.Tests\TotallyMoney.Api.Tests.csproj", "{80C9419B-4F43-412A-86A3-3C8B5EBE5B66}"
EndProject
Global
	GlobalSection(SolutionConfigurationPlatforms) = preSolution
		Debug|Any CPU = Debug|Any CPU
		Release|Any CPU = Release|Any CPU
	EndGlobalSection
	GlobalSection(ProjectConfigurationPlatforms) = postSolution
		{F4F672D7-FEEF-4B4F-ABDA-EC3CA907CC1D}.Debug|Any CPU.ActiveCfg = Debug|Any CPU
		{F4F672D7-FEEF-4B4F-ABDA-EC3CA907CC1D}.Debug|Any CPU.Build.0 = Debug|Any CPU
		{F4F672D7-FEEF-4B4F-ABDA-EC3CA907CC1D}.Release|Any CPU.ActiveCfg = Release|Any CPU
		{F4F672D7-FEEF-4B4F-ABDA-EC3CA907CC1D}.Release|Any CPU.Build.0 = Release|Any CPU
		{80C9419B-4F43-412A-86A3-3C8B5EBE5B66}.Debug|Any CPU.ActiveCfg = Debug|Any CPU
		{80C9419B-4F43-412A-86A3-3C8B5EBE5B66}.Debug|Any CPU.Build.0 = Debug|Any CPU
		{80C9419B-4F43-412A-86A3-3C8B5EBE5B66}.Release|Any CPU.ActiveCfg = Release|Any CPU
		{80C9419B-4F43-412A-86A3-3C8B5EBE5B66}.Release|Any CPU.Build.0 = Release|Any CPU
	EndGlobalSection
	GlobalSection(SolutionProperties) = preSolution
		HideSolutionNode = FALSE
	EndGlobalSection
	GlobalSection(ExtensibilityGlobals) = postSolution
		SolutionGuid = {4EBB00A7-DCFC-4650-8866-673F5CFB999D}
	EndGlobalSection
EndGlobal
